
Microsoft Visual Studio Solution File, Format Version 12.00
# Visual Studio Version 16
VisualStudioVersion = 16.0.31105.61
MinimumVisualStudioVersion = 10.0.40219.1
Project("{8BC9CEB8-8B4A-11D0-8D11-00A0C91BC942}") = "EarlyBird", "EarlyBird.vcxproj", "{B4FBAA5A-2753-4D78-8163-B6E8EC7EC3CE}"
EndProject
Global
	GlobalSection(SolutionConfigurationPlatforms) = preSolution
		Debug|x64 = Debug|x64
		Debug|x86 = Debug|x86
		Release|x64 = Release|x64
		Release|x86 = Release|x86
	EndGlobalSection
	GlobalSection(ProjectConfigurationPlatforms) = postSolution
		{B4FBAA5A-2753-4D78-8163-B6E8EC7EC3CE}.Debug|x64.ActiveCfg = Debug|x64
		{B4FBAA5A-2753-4D78-8163-B6E8EC7EC3CE}.Debug|x64.Build.0 = Debug|x64
		{B4FBAA5A-2753-4D78-8163-B6E8EC7EC3CE}.Debug|x86.ActiveCfg = Debug|Win32
		{B4FBAA5A-2753-4D78-8163-B6E8EC7EC3CE}.Debug|x86.Build.0 = Debug|Win32
		{B4FBAA5A-2753-4D78-8163-B6E8EC7EC3CE}.Release|x64.ActiveCfg = Release|x64
		{B4FBAA5A-2753-4D78-8163-B6E8EC7EC3CE}.Release|x64.Build.0 = Release|x64
		{B4FBAA5A-2753-4D78-8163-B6E8EC7EC3CE}.Release|x86.ActiveCfg = Release|Win32
		{B4FBAA5A-2753-4D78-8163-B6E8EC7EC3CE}.Release|x86.Build.0 = Release|Win32
	EndGlobalSection
	GlobalSection(SolutionProperties) = preSolution
		HideSolutionNode = FALSE
	EndGlobalSection
	GlobalSection(ExtensibilityGlobals) = postSolution
		SolutionGuid = {575EEAFD-F69E-42B8-98FE-C568DD8A65E5}
	EndGlobalSection
EndGlobal
